
Microsoft Visual Studio Solution File, Format Version 12.00
# Visual Studio Version 17
VisualStudioVersion = 17.3.32825.248
MinimumVisualStudioVersion = 10.0.40219.1
Project("{9A19103F-16F7-4668-BE54-9A1E7A4F7556}") = "ProvaEntityFramework", "ProvaEntityFramework\ProvaEntityFramework.csproj", "{97995979-A56E-4F9A-9B22-8E7D14E9BAC7}"
EndProject
Project("{9A19103F-16F7-4668-BE54-9A1E7A4F7556}") = "Modelli", "Modelli\Modelli.csproj", "{EE170B62-0846-4797-9E77-4347136A3101}"
EndProject
Global
	GlobalSection(SolutionConfigurationPlatforms) = preSolution
		Debug|Any CPU = Debug|Any CPU
		Release|Any CPU = Release|Any CPU
	EndGlobalSection
	GlobalSection(ProjectConfigurationPlatforms) = postSolution
		{97995979-A56E-4F9A-9B22-8E7D14E9BAC7}.Debug|Any CPU.ActiveCfg = Debug|Any CPU
		{97995979-A56E-4F9A-9B22-8E7D14E9BAC7}.Debug|Any CPU.Build.0 = Debug|Any CPU
		{97995979-A56E-4F9A-9B22-8E7D14E9BAC7}.Release|Any CPU.ActiveCfg = Release|Any CPU
		{97995979-A56E-4F9A-9B22-8E7D14E9BAC7}.Release|Any CPU.Build.0 = Release|Any CPU
		{EE170B62-0846-4797-9E77-4347136A3101}.Debug|Any CPU.ActiveCfg = Debug|Any CPU
		{EE170B62-0846-4797-9E77-4347136A3101}.Debug|Any CPU.Build.0 = Debug|Any CPU
		{EE170B62-0846-4797-9E77-4347136A3101}.Release|Any CPU.ActiveCfg = Release|Any CPU
		{EE170B62-0846-4797-9E77-4347136A3101}.Release|Any CPU.Build.0 = Release|Any CPU
	EndGlobalSection
	GlobalSection(SolutionProperties) = preSolution
		HideSolutionNode = FALSE
	EndGlobalSection
	GlobalSection(ExtensibilityGlobals) = postSolution
		SolutionGuid = {7C266B98-C4BD-457E-AD4D-20CCA52405C4}
	EndGlobalSection
EndGlobal
